
Microsoft Visual Studio Solution File, Format Version 12.00
# Visual Studio Version 16
VisualStudioVersion = 16.0.30309.148
MinimumVisualStudioVersion = 10.0.40219.1
Project("{FAE04EC0-301F-11D3-BF4B-00C04F79EFBC}") = "jnz-correlation-token-middleware", "jnz-correlation-token-middleware\jnz-correlation-token-middleware.csproj", "{4316387A-29FC-4CDA-A93B-22AA45B13644}"
EndProject
Global
	GlobalSection(SolutionConfigurationPlatforms) = preSolution
		Debug|Any CPU = Debug|Any CPU
		Release|Any CPU = Release|Any CPU
	EndGlobalSection
	GlobalSection(ProjectConfigurationPlatforms) = postSolution
		{4316387A-29FC-4CDA-A93B-22AA45B13644}.Debug|Any CPU.ActiveCfg = Debug|Any CPU
		{4316387A-29FC-4CDA-A93B-22AA45B13644}.Debug|Any CPU.Build.0 = Debug|Any CPU
		{4316387A-29FC-4CDA-A93B-22AA45B13644}.Release|Any CPU.ActiveCfg = Release|Any CPU
		{4316387A-29FC-4CDA-A93B-22AA45B13644}.Release|Any CPU.Build.0 = Release|Any CPU
	EndGlobalSection
	GlobalSection(SolutionProperties) = preSolution
		HideSolutionNode = FALSE
	EndGlobalSection
	GlobalSection(ExtensibilityGlobals) = postSolution
		SolutionGuid = {9C6B35CF-A5FB-41C2-BE7F-EEF31258A559}
	EndGlobalSection
EndGlobal
